schema: '2.0'
stages:
  load_data:
    cmd: python src/stage_01_load_save.py --config=config/config.yaml
    deps:
    - path: config/config.yaml
      md5: 4176f0a82b9ec122ae2addd46daa91db
      size: 340
    - path: src/stage_01_load_save.py
      md5: 9f84216fa045c397c0d1e775e6e3383c
      size: 1074
    - path: src/utils/all_utils.py
      md5: 26236ce2a1ce42685efadfd312c41f5a
      size: 496
    outs:
    - path: artifacts/raw_local_dir/data.csv
      md5: 7d814a1bda02145efe703f4e1c01847a
      size: 93599
  split_data:
    cmd: python src/stage_02_split_data.py --config=config/config.yaml --params=params.yaml
    deps:
    - path: artifacts/raw_local_dir/data.csv
      md5: 7d814a1bda02145efe703f4e1c01847a
      size: 93599
    - path: config/config.yaml
      md5: 4176f0a82b9ec122ae2addd46daa91db
      size: 340
    - path: src/stage_02_split_data.py
      md5: 39c1c03b0ddff562677428cad7bd539e
      size: 2052
    - path: src/utils/all_utils.py
      md5: 26236ce2a1ce42685efadfd312c41f5a
      size: 496
    params:
      params.yaml:
        base.random_state: 42
        base.test_size: 0.3
    outs:
    - path: artifacts/split_data_dir/test.csv
      md5: 3a3eef9f920deae72cb9bcd7b91231f1
      size: 28169
    - path: artifacts/split_data_dir/train.csv
      md5: 5e5a3523f0fba3925dc577c3baf2c5cd
      size: 65577
  train_model:
    cmd: python src/stage_03_train.py --config=config/config.yaml --params=params.yaml
    deps:
    - path: artifacts/split_data_dir/train.csv
      md5: 5e5a3523f0fba3925dc577c3baf2c5cd
      size: 65577
    - path: config/config.yaml
      md5: 4176f0a82b9ec122ae2addd46daa91db
      size: 340
    - path: params.yaml
      md5: ac0a5530515b8b03a8c148e3b89b0a24
      size: 110
    - path: src/stage_03_train.py
      md5: d01b6ef8a02ccaafffd535c9de016e0c
      size: 1697
    params:
      params.yaml:
        base.random_state: 42
        model_params.ElasticNet.alpha: 0.5
        model_params.ElasticNet.l1_ratio: 0.5
    outs:
    - path: artifacts/model_dir/ElasticNet.model
      md5: dbe264f2aa6815c24a4f2f7ea0328c64
      size: 1314
